
Microsoft Visual Studio Solution File, Format Version 12.00
# Visual Studio 15
VisualStudioVersion = 15.0.26228.4
MinimumVisualStudioVersion = 10.0.40219.1
Project("{9A19103F-16F7-4668-BE54-9A1E7A4F7556}") = "BizArk.Standard.Core", "BizArk.Standard.Core\BizArk.Standard.Core.csproj", "{2E666BCF-8067-45B3-A182-1BF6C7FF870A}"
EndProject
Project("{9A19103F-16F7-4668-BE54-9A1E7A4F7556}") = "BizArk.Standard.Core.Tests", "BizArk.Standard.Core.Tests\BizArk.Standard.Core.Tests.csproj", "{A12FADFC-1864-49E2-94DC-DCADA81BFF74}"
EndProject
Project("{FAE04EC0-301F-11D3-BF4B-00C04F79EFBC}") = "BizArk.Standard.ConsoleApp", "BizArk.Standard.ConsoleApp\BizArk.Standard.ConsoleApp.csproj", "{DCC2BA9B-8152-482C-90CA-87BA95315431}"
EndProject
Project("{FAE04EC0-301F-11D3-BF4B-00C04F79EFBC}") = "BizArk.Standard.ConsoleApp.Tests", "BizArk.Standard.ConsoleApp.Tests\BizArk.Standard.ConsoleApp.Tests.csproj", "{B215D41D-56AA-4EA6-A507-4104D7481B14}"
EndProject
Project("{FAE04EC0-301F-11D3-BF4B-00C04F79EFBC}") = "BizArk.Standard.ConsoleApp.Sample", "BizArk.Standard.ConsoleApp.Sample\BizArk.Standard.ConsoleApp.Sample.csproj", "{F92DD0EC-00B6-49D1-9105-76F4FCED343F}"
EndProject
Global
	GlobalSection(SolutionConfigurationPlatforms) = preSolution
		Debug|Any CPU = Debug|Any CPU
		Release|Any CPU = Release|Any CPU
	EndGlobalSection
	GlobalSection(ProjectConfigurationPlatforms) = postSolution
		{2E666BCF-8067-45B3-A182-1BF6C7FF870A}.Debug|Any CPU.ActiveCfg = Debug|Any CPU
		{2E666BCF-8067-45B3-A182-1BF6C7FF870A}.Debug|Any CPU.Build.0 = Debug|Any CPU
		{2E666BCF-8067-45B3-A182-1BF6C7FF870A}.Release|Any CPU.ActiveCfg = Release|Any CPU
		{2E666BCF-8067-45B3-A182-1BF6C7FF870A}.Release|Any CPU.Build.0 = Release|Any CPU
		{A12FADFC-1864-49E2-94DC-DCADA81BFF74}.Debug|Any CPU.ActiveCfg = Debug|Any CPU
		{A12FADFC-1864-49E2-94DC-DCADA81BFF74}.Debug|Any CPU.Build.0 = Debug|Any CPU
		{A12FADFC-1864-49E2-94DC-DCADA81BFF74}.Release|Any CPU.ActiveCfg = Release|Any CPU
		{A12FADFC-1864-49E2-94DC-DCADA81BFF74}.Release|Any CPU.Build.0 = Release|Any CPU
		{DCC2BA9B-8152-482C-90CA-87BA95315431}.Debug|Any CPU.ActiveCfg = Debug|Any CPU
		{DCC2BA9B-8152-482C-90CA-87BA95315431}.Debug|Any CPU.Build.0 = Debug|Any CPU
		{DCC2BA9B-8152-482C-90CA-87BA95315431}.Release|Any CPU.ActiveCfg = Release|Any CPU
		{DCC2BA9B-8152-482C-90CA-87BA95315431}.Release|Any CPU.Build.0 = Release|Any CPU
		{B215D41D-56AA-4EA6-A507-4104D7481B14}.Debug|Any CPU.ActiveCfg = Debug|Any CPU
		{B215D41D-56AA-4EA6-A507-4104D7481B14}.Debug|Any CPU.Build.0 = Debug|Any CPU
		{B215D41D-56AA-4EA6-A507-4104D7481B14}.Release|Any CPU.ActiveCfg = Release|Any CPU
		{B215D41D-56AA-4EA6-A507-4104D7481B14}.Release|Any CPU.Build.0 = Release|Any CPU
		{F92DD0EC-00B6-49D1-9105-76F4FCED343F}.Debug|Any CPU.ActiveCfg = Debug|Any CPU
		{F92DD0EC-00B6-49D1-9105-76F4FCED343F}.Debug|Any CPU.Build.0 = Debug|Any CPU
		{F92DD0EC-00B6-49D1-9105-76F4FCED343F}.Release|Any CPU.ActiveCfg = Release|Any CPU
		{F92DD0EC-00B6-49D1-9105-76F4FCED343F}.Release|Any CPU.Build.0 = Release|Any CPU
	EndGlobalSection
	GlobalSection(SolutionProperties) = preSolution
		HideSolutionNode = FALSE
	EndGlobalSection
EndGlobal
